// !$*UTF8*$!
{
	archiveVersion = 1;
	classes = {
	};
	objectVersion = 55;
	objects = {

/* Begin PBXBuildFile section */
		EB8DB94F29E33BAC00FCD70E /* Tests_iOS.swift in Sources */ = {isa = PBXBuildFile; fileRef = EB8DB94E29E33BAC00FCD70E /* Tests_iOS.swift */; };
		EB8DB95129E33BAC00FCD70E /* Tests_iOSLaunchTests.swift in Sources */ = {isa = PBXBuildFile; fileRef = EB8DB95029E33BAC00FCD70E /* Tests_iOSLaunchTests.swift */; };
		EB8DB95B29E33BAC00FCD70E /* Tests_macOS.swift in Sources */ = {isa = PBXBuildFile; fileRef = EB8DB95A29E33BAC00FCD70E /* Tests_macOS.swift */; };
		EB8DB95D29E33BAC00FCD70E /* Tests_macOSLaunchTests.swift in Sources */ = {isa = PBXBuildFile; fileRef = EB8DB95C29E33BAC00FCD70E /* Tests_macOSLaunchTests.swift */; };
		EB8DB95E29E33BAC00FCD70E /* testApp.swift in Sources */ = {isa = PBXBuildFile; fileRef = EB8DB93629E33BAA00FCD70E /* testApp.swift */; };
		EB8DB95F29E33BAC00FCD70E /* testApp.swift in Sources */ = {isa = PBXBuildFile; fileRef = EB8DB93629E33BAA00FCD70E /* testApp.swift */; };
		EB8DB96029E33BAC00FCD70E /* ContentView.swift in Sources */ = {isa = PBXBuildFile; fileRef = EB8DB93729E33BAA00FCD70E /* ContentView.swift */; };
		EB8DB96129E33BAC00FCD70E /* ContentView.swift in Sources */ = {isa = PBXBuildFile; fileRef = EB8DB93729E33BAA00FCD70E /* ContentView.swift */; };
		EB8DB96229E33BAC00FCD70E /* Assets.xcassets in Resources */ = {isa = PBXBuildFile; fileRef = EB8DB93829E33BAB00FCD70E /* Assets.xcassets */; };
		EB8DB96329E33BAC00FCD70E /* Assets.xcassets in Resources */ = {isa = PBXBuildFile; fileRef = EB8DB93829E33BAB00FCD70E /* Assets.xcassets */; };
/* End PBXBuildFile section */

/* Begin PBXContainerItemProxy section */
		EB8DB94B29E33BAC00FCD70E /* PBXContainerItemProxy */ = {
			isa = PBXContainerItemProxy;
			containerPortal = EB8DB93129E33BAA00FCD70E /* Project object */;
			proxyType = 1;
			remoteGlobalIDString = EB8DB93C29E33BAB00FCD70E;
			remoteInfo = "test (iOS)";
		};
		EB8DB95729E33BAC00FCD70E /* PBXContainerItemProxy */ = {
			isa = PBXContainerItemProxy;
			containerPortal = EB8DB93129E33BAA00FCD70E /* Project object */;
			proxyType = 1;
			remoteGlobalIDString = EB8DB94229E33BAB00FCD70E;
			remoteInfo = "test (macOS)";
		};
/* End PBXContainerItemProxy section */

/* Begin PBXFileReference section */
		EB8DB93629E33BAA00FCD70E /* testApp.swift */ = {isa = PBXFileReference; lastKnownFileType = sourcecode.swift; path = testApp.swift; sourceTree = "<group>"; };
		EB8DB93729E33BAA00FCD70E /* ContentView.swift */ = {isa = PBXFileReference; lastKnownFileType = sourcecode.swift; path = ContentView.swift; sourceTree = "<group>"; };
		EB8DB93829E33BAB00FCD70E /* Assets.xcassets */ = {isa = PBXFileReference; lastKnownFileType = folder.assetcatalog; path = Assets.xcassets; sourceTree = "<group>"; };
		EB8DB93D29E33BAB00FCD70E /* test.app */ = {isa = PBXFileReference; explicitFileType = wrapper.application; includeInIndex = 0; path = test.app; sourceTree = BUILT_PRODUCTS_DIR; };
		EB8DB94329E33BAB00FCD70E /* test.app */ = {isa = PBXFileReference; explicitFileType = wrapper.application; includeInIndex = 0; path = test.app; sourceTree = BUILT_PRODUCTS_DIR; };
		EB8DB94529E33BAB00FCD70E /* macOS.entitlements */ = {isa = PBXFileReference; lastKnownFileType = text.plist.entitlements; path = macOS.entitlements; sourceTree = "<group>"; };
		EB8DB94A29E33BAC00FCD70E /* Tests iOS.xctest */ = {isa = PBXFileReference; explicitFileType = wrapper.cfbundle; includeInIndex = 0; path = "Tests iOS.xctest"; sourceTree = BUILT_PRODUCTS_DIR; };
		EB8DB94E29E33BAC00FCD70E /* Tests_iOS.swift */ = {isa = PBXFileReference; lastKnownFileType = sourcecode.swift; path = Tests_iOS.swift; sourceTree = "<group>"; };
		EB8DB95029E33BAC00FCD70E /* Tests_iOSLaunchTests.swift */ = {isa = PBXFileReference; lastKnownFileType = sourcecode.swift; path = Tests_iOSLaunchTests.swift; sourceTree = "<group>"; };
		EB8DB95629E33BAC00FCD70E /* Tests macOS.xctest */ = {isa = PBXFileReference; explicitFileType = wrapper.cfbundle; includeInIndex = 0; path = "Tests macOS.xctest"; sourceTree = BUILT_PRODUCTS_DIR; };
		EB8DB95A29E33BAC00FCD70E /* Tests_macOS.swift */ = {isa = PBXFileReference; lastKnownFileType = sourcecode.swift; path = Tests_macOS.swift; sourceTree = "<group>"; };
		EB8DB95C29E33BAC00FCD70E /* Tests_macOSLaunchTests.swift */ = {isa = PBXFileReference; lastKnownFileType = sourcecode.swift; path = Tests_macOSLaunchTests.swift; sourceTree = "<group>"; };
/* End PBXFileReference section */

/* Begin PBXFrameworksBuildPhase section */
		EB8DB93A29E33BAB00FCD70E /* Frameworks */ = {
			isa = PBXFrameworksBuildPhase;
			buildActionMask = 2147483647;
			files = (
			);
			runOnlyForDeploymentPostprocessing = 0;
		};
		EB8DB94029E33BAB00FCD70E /* Frameworks */ = {
			isa = PBXFrameworksBuildPhase;
			buildActionMask = 2147483647;
			files = (
			);
			runOnlyForDeploymentPostprocessing = 0;
		};
		EB8DB94729E33BAC00FCD70E /* Frameworks */ = {
			isa = PBXFrameworksBuildPhase;
			buildActionMask = 2147483647;
			files = (
			);
			runOnlyForDeploymentPostprocessing = 0;
		};
		EB8DB95329E33BAC00FCD70E /* Frameworks */ = {
			isa = PBXFrameworksBuildPhase;
			buildActionMask = 2147483647;
			files = (
			);
			runOnlyForDeploymentPostprocessing = 0;
		};
/* End PBXFrameworksBuildPhase section */

/* Begin PBXGroup section */
		EB8DB93029E33BAA00FCD70E = {
			isa = PBXGroup;
			children = (
				EB8DB93529E33BAA00FCD70E /* Shared */,
				EB8DB94429E33BAB00FCD70E /* macOS */,
				EB8DB94D29E33BAC00FCD70E /* Tests iOS */,
				EB8DB95929E33BAC00FCD70E /* Tests macOS */,
				EB8DB93E29E33BAB00FCD70E /* Products */,
			);
			sourceTree = "<group>";
		};
		EB8DB93529E33BAA00FCD70E /* Shared */ = {
			isa = PBXGroup;
			children = (
				EB8DB93629E33BAA00FCD70E /* testApp.swift */,
				EB8DB93729E33BAA00FCD70E /* ContentView.swift */,
				EB8DB93829E33BAB00FCD70E /* Assets.xcassets */,
			);
			path = Shared;
			sourceTree = "<group>";
		};
		EB8DB93E29E33BAB00FCD70E /* Products */ = {
			isa = PBXGroup;
			children = (
				EB8DB93D29E33BAB00FCD70E /* test.app */,
				EB8DB94329E33BAB00FCD70E /* test.app */,
				EB8DB94A29E33BAC00FCD70E /* Tests iOS.xctest */,
				EB8DB95629E33BAC00FCD70E /* Tests macOS.xctest */,
			);
			name = Products;
			sourceTree = "<group>";
		};
		EB8DB94429E33BAB00FCD70E /* macOS */ = {
			isa = PBXGroup;
			children = (
				EB8DB94529E33BAB00FCD70E /* macOS.entitlements */,
			);
			path = macOS;
			sourceTree = "<group>";
		};
		EB8DB94D29E33BAC00FCD70E /* Tests iOS */ = {
			isa = PBXGroup;
			children = (
				EB8DB94E29E33BAC00FCD70E /* Tests_iOS.swift */,
				EB8DB95029E33BAC00FCD70E /* Tests_iOSLaunchTests.swift */,
			);
			path = "Tests iOS";
			sourceTree = "<group>";
		};
		EB8DB95929E33BAC00FCD70E /* Tests macOS */ = {
			isa = PBXGroup;
			children = (
				EB8DB95A29E33BAC00FCD70E /* Tests_macOS.swift */,
				EB8DB95C29E33BAC00FCD70E /* Tests_macOSLaunchTests.swift */,
			);
			path = "Tests macOS";
			sourceTree = "<group>";
		};
/* End PBXGroup section */

/* Begin PBXNativeTarget section */
		EB8DB93C29E33BAB00FCD70E /* test (iOS) */ = {
			isa = PBXNativeTarget;
			buildConfigurationList = EB8DB96629E33BAC00FCD70E /* Build configuration list for PBXNativeTarget "test (iOS)" */;
			buildPhases = (
				EB8DB93929E33BAB00FCD70E /* Sources */,
				EB8DB93A29E33BAB00FCD70E /* Frameworks */,
				EB8DB93B29E33BAB00FCD70E /* Resources */,
			);
			buildRules = (
			);
			dependencies = (
			);
			name = "test (iOS)";
			productName = "test (iOS)";
			productReference = EB8DB93D29E33BAB00FCD70E /* test.app */;
			productType = "com.apple.product-type.application";
		};
		EB8DB94229E33BAB00FCD70E /* test (macOS) */ = {
			isa = PBXNativeTarget;
			buildConfigurationList = EB8DB96929E33BAC00FCD70E /* Build configuration list for PBXNativeTarget "test (macOS)" */;
			buildPhases = (
				EB8DB93F29E33BAB00FCD70E /* Sources */,
				EB8DB94029E33BAB00FCD70E /* Frameworks */,
				EB8DB94129E33BAB00FCD70E /* Resources */,
			);
			buildRules = (
			);
			dependencies = (
			);
			name = "test (macOS)";
			productName = "test (macOS)";
			productReference = EB8DB94329E33BAB00FCD70E /* test.app */;
			productType = "com.apple.product-type.application";
		};
		EB8DB94929E33BAC00FCD70E /* Tests iOS */ = {
			isa = PBXNativeTarget;
			buildConfigurationList = EB8DB96C29E33BAC00FCD70E /* Build configuration list for PBXNativeTarget "Tests iOS" */;
			buildPhases = (
				EB8DB94629E33BAC00FCD70E /* Sources */,
				EB8DB94729E33BAC00FCD70E /* Frameworks */,
				EB8DB94829E33BAC00FCD70E /* Resources */,
			);
			buildRules = (
			);
			dependencies = (
				EB8DB94C29E33BAC00FCD70E /* PBXTargetDependency */,
			);
			name = "Tests iOS";
			productName = "Tests iOS";
			productReference = EB8DB94A29E33BAC00FCD70E /* Tests iOS.xctest */;
			productType = "com.apple.product-type.bundle.ui-testing";
		};
		EB8DB95529E33BAC00FCD70E /* Tests macOS */ = {
			isa = PBXNativeTarget;
			buildConfigurationList = EB8DB96F29E33BAC00FCD70E /* Build configuration list for PBXNativeTarget "Tests macOS" */;
			buildPhases = (
				EB8DB95229E33BAC00FCD70E /* Sources */,
				EB8DB95329E33BAC00FCD70E /* Frameworks */,
				EB8DB95429E33BAC00FCD70E /* Resources */,
			);
			buildRules = (
			);
			dependencies = (
				EB8DB95829E33BAC00FCD70E /* PBXTargetDependency */,
			);
			name = "Tests macOS";
			productName = "Tests macOS";
			productReference = EB8DB95629E33BAC00FCD70E /* Tests macOS.xctest */;
			productType = "com.apple.product-type.bundle.ui-testing";
		};
/* End PBXNativeTarget section */

/* Begin PBXProject section */
		EB8DB93129E33BAA00FCD70E /* Project object */ = {
			isa = PBXProject;
			attributes = {
				BuildIndependentTargetsInParallel = 1;
				LastSwiftUpdateCheck = 1340;
				LastUpgradeCheck = 1340;
				TargetAttributes = {
					EB8DB93C29E33BAB00FCD70E = {
						CreatedOnToolsVersion = 13.4.1;
					};
					EB8DB94229E33BAB00FCD70E = {
						CreatedOnToolsVersion = 13.4.1;
					};
					EB8DB94929E33BAC00FCD70E = {
						CreatedOnToolsVersion = 13.4.1;
						TestTargetID = EB8DB93C29E33BAB00FCD70E;
					};
					EB8DB95529E33BAC00FCD70E = {
						CreatedOnToolsVersion = 13.4.1;
						TestTargetID = EB8DB94229E33BAB00FCD70E;
					};
				};
			};
			buildConfigurationList = EB8DB93429E33BAA00FCD70E /* Build configuration list for PBXProject "test" */;
			compatibilityVersion = "Xcode 13.0";
			developmentRegion = en;
			hasScannedForEncodings = 0;
			knownRegions = (
				en,
				Base,
			);
			mainGroup = EB8DB93029E33BAA00FCD70E;
			productRefGroup = EB8DB93E29E33BAB00FCD70E /* Products */;
			projectDirPath = "";
			projectRoot = "";
			targets = (
				EB8DB93C29E33BAB00FCD70E /* test (iOS) */,
				EB8DB94229E33BAB00FCD70E /* test (macOS) */,
				EB8DB94929E33BAC00FCD70E /* Tests iOS */,
				EB8DB95529E33BAC00FCD70E /* Tests macOS */,
			);
		};
/* End PBXProject section */

/* Begin PBXResourcesBuildPhase section */
		EB8DB93B29E33BAB00FCD70E /* Resources */ = {
			isa = PBXResourcesBuildPhase;
			buildActionMask = 2147483647;
			files = (
				EB8DB96229E33BAC00FCD70E /* Assets.xcassets in Resources */,
			);
			runOnlyForDeploymentPostprocessing = 0;
		};
		EB8DB94129E33BAB00FCD70E /* Resources */ = {
			isa = PBXResourcesBuildPhase;
			buildActionMask = 2147483647;
			files = (
				EB8DB96329E33BAC00FCD70E /* Assets.xcassets in Resources */,
			);
			runOnlyForDeploymentPostprocessing = 0;
		};
		EB8DB94829E33BAC00FCD70E /* Resources */ = {
			isa = PBXResourcesBuildPhase;
			buildActionMask = 2147483647;
			files = (
			);
			runOnlyForDeploymentPostprocessing = 0;
		};
		EB8DB95429E33BAC00FCD70E /* Resources */ = {
			isa = PBXResourcesBuildPhase;
			buildActionMask = 2147483647;
			files = (
			);
			runOnlyForDeploymentPostprocessing = 0;
		};
/* End PBXResourcesBuildPhase section */

/* Begin PBXSourcesBuildPhase section */
		EB8DB93929E33BAB00FCD70E /* Sources */ = {
			isa = PBXSourcesBuildPhase;
			buildActionMask = 2147483647;
			files = (
				EB8DB96029E33BAC00FCD70E /* ContentView.swift in Sources */,
				EB8DB95E29E33BAC00FCD70E /* testApp.swift in Sources */,
			);
			runOnlyForDeploymentPostprocessing = 0;
		};
		EB8DB93F29E33BAB00FCD70E /* Sources */ = {
			isa = PBXSourcesBuildPhase;
			buildActionMask = 2147483647;
			files = (
				EB8DB96129E33BAC00FCD70E /* ContentView.swift in Sources */,
				EB8DB95F29E33BAC00FCD70E /* testApp.swift in Sources */,
			);
			runOnlyForDeploymentPostprocessing = 0;
		};
		EB8DB94629E33BAC00FCD70E /* Sources */ = {
			isa = PBXSourcesBuildPhase;
			buildActionMask = 2147483647;
			files = (
				EB8DB95129E33BAC00FCD70E /* Tests_iOSLaunchTests.swift in Sources */,
				EB8DB94F29E33BAC00FCD70E /* Tests_iOS.swift in Sources */,
			);
			runOnlyForDeploymentPostprocessing = 0;
		};
		EB8DB95229E33BAC00FCD70E /* Sources */ = {
			isa = PBXSourcesBuildPhase;
			buildActionMask = 2147483647;
			files = (
				EB8DB95D29E33BAC00FCD70E /* Tests_macOSLaunchTests.swift in Sources */,
				EB8DB95B29E33BAC00FCD70E /* Tests_macOS.swift in Sources */,
			);
			runOnlyForDeploymentPostprocessing = 0;
		};
/* End PBXSourcesBuildPhase section */

/* Begin PBXTargetDependency section */
		EB8DB94C29E33BAC00FCD70E /* PBXTargetDependency */ = {
			isa = PBXTargetDependency;
			target = EB8DB93C29E33BAB00FCD70E /* test (iOS) */;
			targetProxy = EB8DB94B29E33BAC00FCD70E /* PBXContainerItemProxy */;
		};
		EB8DB95829E33BAC00FCD70E /* PBXTargetDependency */ = {
			isa = PBXTargetDependency;
			target = EB8DB94229E33BAB00FCD70E /* test (macOS) */;
			targetProxy = EB8DB95729E33BAC00FCD70E /* PBXContainerItemProxy */;
		};
/* End PBXTargetDependency section */

/* Begin XCBuildConfiguration section */
		EB8DB96429E33BAC00FCD70E /* Debug */ = {
			isa = XCBuildConfiguration;
			buildSettings = {
				ALWAYS_SEARCH_USER_PATHS = NO;
				CLANG_ANALYZER_NONNULL = YES;
				CLANG_ANALYZER_NUMBER_OBJECT_CONVERSION = YES_AGGRESSIVE;
				CLANG_CXX_LANGUAGE_STANDARD = "gnu++17";
				CLANG_ENABLE_MODULES = YES;
				CLANG_ENABLE_OBJC_ARC = YES;
				CLANG_ENABLE_OBJC_WEAK = YES;
				CLANG_WARN_BLOCK_CAPTURE_AUTORELEASING = YES;
				CLANG_WARN_BOOL_CONVERSION = YES;
				CLANG_WARN_COMMA = YES;
				CLANG_WARN_CONSTANT_CONVERSION = YES;
				CLANG_WARN_DEPRECATED_OBJC_IMPLEMENTATIONS = YES;
				CLANG_WARN_DIRECT_OBJC_ISA_USAGE = YES_ERROR;
				CLANG_WARN_DOCUMENTATION_COMMENTS = YES;
				CLANG_WARN_EMPTY_BODY = YES;
				CLANG_WARN_ENUM_CONVERSION = YES;
				CLANG_WARN_INFINITE_RECURSION = YES;
				CLANG_WARN_INT_CONVERSION = YES;
				CLANG_WARN_NON_LITERAL_NULL_CONVERSION = YES;
				CLANG_WARN_OBJC_IMPLICIT_RETAIN_SELF = YES;
				CLANG_WARN_OBJC_LITERAL_CONVERSION = YES;
				CLANG_WARN_OBJC_ROOT_CLASS = YES_ERROR;
				CLANG_WARN_QUOTED_INCLUDE_IN_FRAMEWORK_HEADER = YES;
				CLANG_WARN_RANGE_LOOP_ANALYSIS = YES;
				CLANG_WARN_STRICT_PROTOTYPES = YES;
				CLANG_WARN_SUSPICIOUS_MOVE = YES;
				CLANG_WARN_UNGUARDED_AVAILABILITY = YES_AGGRESSIVE;
				CLANG_WARN_UNREACHABLE_CODE = YES;
				CLANG_WARN__DUPLICATE_METHOD_MATCH = YES;
				COPY_PHASE_STRIP = NO;
				DEBUG_INFORMATION_FORMAT = dwarf;
				ENABLE_STRICT_OBJC_MSGSEND = YES;
				ENABLE_TESTABILITY = YES;
				GCC_C_LANGUAGE_STANDARD = gnu11;
				GCC_DYNAMIC_NO_PIC = NO;
				GCC_NO_COMMON_BLOCKS = YES;
				GCC_OPTIMIZATION_LEVEL = 0;
				GCC_PREPROCESSOR_DEFINITIONS = (
					"DEBUG=1",
					"$(inherited)",
				);
				GCC_WARN_64_TO_32_BIT_CONVERSION = YES;
				GCC_WARN_ABOUT_RETURN_TYPE = YES_ERROR;
				GCC_WARN_UNDECLARED_SELECTOR = YES;
				GCC_WARN_UNINITIALIZED_AUTOS = YES_AGGRESSIVE;
				GCC_WARN_UNUSED_FUNCTION = YES;
				GCC_WARN_UNUSED_VARIABLE = YES;
				MTL_ENABLE_DEBUG_INFO = INCLUDE_SOURCE;
				MTL_FAST_MATH = YES;
				ONLY_ACTIVE_ARCH = YES;
				SWIFT_ACTIVE_COMPILATION_CONDITIONS = DEBUG;
				SWIFT_OPTIMIZATION_LEVEL = "-Onone";
			};
			name = Debug;
		};
		EB8DB96529E33BAC00FCD70E /* Release */ = {
			isa = XCBuildConfiguration;
			buildSettings = {
				ALWAYS_SEARCH_USER_PATHS = NO;
				CLANG_ANALYZER_NONNULL = YES;
				CLANG_ANALYZER_NUMBER_OBJECT_CONVERSION = YES_AGGRESSIVE;
				CLANG_CXX_LANGUAGE_STANDARD = "gnu++17";
				CLANG_ENABLE_MODULES = YES;
				CLANG_ENABLE_OBJC_ARC = YES;
				CLANG_ENABLE_OBJC_WEAK = YES;
				CLANG_WARN_BLOCK_CAPTURE_AUTORELEASING = YES;
				CLANG_WARN_BOOL_CONVERSION = YES;
				CLANG_WARN_COMMA = YES;
				CLANG_WARN_CONSTANT_CONVERSION = YES;
				CLANG_WARN_DEPRECATED_OBJC_IMPLEMENTATIONS = YES;
				CLANG_WARN_DIRECT_OBJC_ISA_USAGE = YES_ERROR;
				CLANG_WARN_DOCUMENTATION_COMMENTS = YES;
				CLANG_WARN_EMPTY_BODY = YES;
				CLANG_WARN_ENUM_CONVERSION = YES;
				CLANG_WARN_INFINITE_RECURSION = YES;
				CLANG_WARN_INT_CONVERSION = YES;
				CLANG_WARN_NON_LITERAL_NULL_CONVERSION = YES;
				CLANG_WARN_OBJC_IMPLICIT_RETAIN_SELF = YES;
				CLANG_WARN_OBJC_LITERAL_CONVERSION = YES;
				CLANG_WARN_OBJC_ROOT_CLASS = YES_ERROR;
				CLANG_WARN_QUOTED_INCLUDE_IN_FRAMEWORK_HEADER = YES;
				CLANG_WARN_RANGE_LOOP_ANALYSIS = YES;
				CLANG_WARN_STRICT_PROTOTYPES = YES;
				CLANG_WARN_SUSPICIOUS_MOVE = YES;
				CLANG_WARN_UNGUARDED_AVAILABILITY = YES_AGGRESSIVE;
				CLANG_WARN_UNREACHABLE_CODE = YES;
				CLANG_WARN__DUPLICATE_METHOD_MATCH = YES;
				COPY_PHASE_STRIP = NO;
				DEBUG_INFORMATION_FORMAT = "dwarf-with-dsym";
				ENABLE_NS_ASSERTIONS = NO;
				ENABLE_STRICT_OBJC_MSGSEND = YES;
				GCC_C_LANGUAGE_STANDARD = gnu11;
				GCC_NO_COMMON_BLOCKS = YES;
				GCC_WARN_64_TO_32_BIT_CONVERSION = YES;
				GCC_WARN_ABOUT_RETURN_TYPE = YES_ERROR;
				GCC_WARN_UNDECLARED_SELECTOR = YES;
				GCC_WARN_UNINITIALIZED_AUTOS = YES_AGGRESSIVE;
				GCC_WARN_UNUSED_FUNCTION = YES;
				GCC_WARN_UNUSED_VARIABLE = YES;
				MTL_ENABLE_DEBUG_INFO = NO;
				MTL_FAST_MATH = YES;
				SWIFT_COMPILATION_MODE = wholemodule;
				SWIFT_OPTIMIZATION_LEVEL = "-O";
			};
			name = Release;
		};
		EB8DB96729E33BAC00FCD70E /* Debug */ = {
			isa = XCBuildConfiguration;
			buildSettings = {
				ASSETCATALOG_COMPILER_APPICON_NAME = AppIcon;
				ASSETCATALOG_COMPILER_GLOBAL_ACCENT_COLOR_NAME = AccentColor;
				CODE_SIGN_STYLE = Automatic;
				CURRENT_PROJECT_VERSION = 1;
				ENABLE_PREVIEWS = YES;
				GENERATE_INFOPLIST_FILE = YES;
				INFOPLIST_KEY_UIApplicationSceneManifest_Generation = YES;
				INFOPLIST_KEY_UIApplicationSupportsIndirectInputEvents = YES;
				INFOPLIST_KEY_UILaunchScreen_Generation = YES;
				INFOPLIST_KEY_UISupportedInterfaceOrientations_iPad = "UIInterfaceOrientationPortrait UIInterfaceOrientationPortraitUpsideDown UIInterfaceOrientationLandscapeLeft UIInterfaceOrientationLandscapeRight";
				INFOPLIST_KEY_UISupportedInterfaceOrientations_iPhone = "UIInterfaceOrientationPortrait UIInterfaceOrientationLandscapeLeft UIInterfaceOrientationLandscapeRight";
				IPHONEOS_DEPLOYMENT_TARGET = 15.5;
				LD_RUNPATH_SEARCH_PATHS = (
					"$(inherited)",
					"@executable_path/Frameworks",
				);
				MARKETING_VERSION = 1.0;
				PRODUCT_BUNDLE_IDENTIFIER = test.test;
				PRODUCT_NAME = test;
				SDKROOT = iphoneos;
				SWIFT_EMIT_LOC_STRINGS = YES;
				SWIFT_VERSION = 5.0;
				TARGETED_DEVICE_FAMILY = "1,2";
			};
			name = Debug;
		};
		EB8DB96829E33BAC00FCD70E /* Release */ = {
			isa = XCBuildConfiguration;
			buildSettings = {
				ASSETCATALOG_COMPILER_APPICON_NAME = AppIcon;
				ASSETCATALOG_COMPILER_GLOBAL_ACCENT_COLOR_NAME = AccentColor;
				CODE_SIGN_STYLE = Automatic;
				CURRENT_PROJECT_VERSION = 1;
				ENABLE_PREVIEWS = YES;
				GENERATE_INFOPLIST_FILE = YES;
				INFOPLIST_KEY_UIApplicationSceneManifest_Generation = YES;
				INFOPLIST_KEY_UIApplicationSupportsIndirectInputEvents = YES;
				INFOPLIST_KEY_UILaunchScreen_Generation = YES;
				INFOPLIST_KEY_UISupportedInterfaceOrientations_iPad = "UIInterfaceOrientationPortrait UIInterfaceOrientationPortraitUpsideDown UIInterfaceOrientationLandscapeLeft UIInterfaceOrientationLandscapeRight";
				INFOPLIST_KEY_UISupportedInterfaceOrientations_iPhone = "UIInterfaceOrientationPortrait UIInterfaceOrientationLandscapeLeft UIInterfaceOrientationLandscapeRight";
				IPHONEOS_DEPLOYMENT_TARGET = 15.5;
				LD_RUNPATH_SEARCH_PATHS = (
					"$(inherited)",
					"@executable_path/Frameworks",
				);
				MARKETING_VERSION = 1.0;
				PRODUCT_BUNDLE_IDENTIFIER = test.test;
				PRODUCT_NAME = test;
				SDKROOT = iphoneos;
				SWIFT_EMIT_LOC_STRINGS = YES;
				SWIFT_VERSION = 5.0;
				TARGETED_DEVICE_FAMILY = "1,2";
				VALIDATE_PRODUCT = YES;
			};
			name = Release;
		};
		EB8DB96A29E33BAC00FCD70E /* Debug */ = {
			isa = XCBuildConfiguration;
			buildSettings = {
				ASSETCATALOG_COMPILER_APPICON_NAME = AppIcon;
				ASSETCATALOG_COMPILER_GLOBAL_ACCENT_COLOR_NAME = AccentColor;
				CODE_SIGN_ENTITLEMENTS = macOS/macOS.entitlements;
				CODE_SIGN_STYLE = Automatic;
				COMBINE_HIDPI_IMAGES = YES;
				CURRENT_PROJECT_VERSION = 1;
				ENABLE_PREVIEWS = YES;
				GENERATE_INFOPLIST_FILE = YES;
				INFOPLIST_KEY_NSHumanReadableCopyright = "";
				LD_RUNPATH_SEARCH_PATHS = (
					"$(inherited)",
					"@executable_path/../Frameworks",
				);
				MACOSX_DEPLOYMENT_TARGET = 12.3;
				MARKETING_VERSION = 1.0;
				PRODUCT_BUNDLE_IDENTIFIER = test.test;
				PRODUCT_NAME = test;
				SDKROOT = macosx;
				SWIFT_EMIT_LOC_STRINGS = YES;
				SWIFT_VERSION = 5.0;
			};
			name = Debug;
		};
		EB8DB96B29E33BAC00FCD70E /* Release */ = {
			isa = XCBuildConfiguration;
			buildSettings = {
				ASSETCATALOG_COMPILER_APPICON_NAME = AppIcon;
				ASSETCATALOG_COMPILER_GLOBAL_ACCENT_COLOR_NAME = AccentColor;
				CODE_SIGN_ENTITLEMENTS = macOS/macOS.entitlements;
				CODE_SIGN_STYLE = Automatic;
				COMBINE_HIDPI_IMAGES = YES;
				CURRENT_PROJECT_VERSION = 1;
				ENABLE_PREVIEWS = YES;
				GENERATE_INFOPLIST_FILE = YES;
				INFOPLIST_KEY_NSHumanReadableCopyright = "";
				LD_RUNPATH_SEARCH_PATHS = (
					"$(inherited)",
					"@executable_path/../Frameworks",
				);
				MACOSX_DEPLOYMENT_TARGET = 12.3;
				MARKETING_VERSION = 1.0;
				PRODUCT_BUNDLE_IDENTIFIER = test.test;
				PRODUCT_NAME = test;
				SDKROOT = macosx;
				SWIFT_EMIT_LOC_STRINGS = YES;
				SWIFT_VERSION = 5.0;
			};
			name = Release;
		};
		EB8DB96D29E33BAC00FCD70E /* Debug */ = {
			isa = XCBuildConfiguration;
			buildSettings = {
				ALWAYS_EMBED_SWIFT_STANDARD_LIBRARIES = YES;
				CODE_SIGN_STYLE = Automatic;
				CURRENT_PROJECT_VERSION = 1;
				GENERATE_INFOPLIST_FILE = YES;
				IPHONEOS_DEPLOYMENT_TARGET = 15.5;
				MARKETING_VERSION = 1.0;
				PRODUCT_BUNDLE_IDENTIFIER = "test.Tests-iOS";
				PRODUCT_NAME = "$(TARGET_NAME)";
				SDKROOT = iphoneos;
				SWIFT_EMIT_LOC_STRINGS = NO;
				SWIFT_VERSION = 5.0;
				TARGETED_DEVICE_FAMILY = "1,2";
				TEST_TARGET_NAME = "test (iOS)";
			};
			name = Debug;
		};
		EB8DB96E29E33BAC00FCD70E /* Release */ = {
			isa = XCBuildConfiguration;
			buildSettings = {
				ALWAYS_EMBED_SWIFT_STANDARD_LIBRARIES = YES;
				CODE_SIGN_STYLE = Automatic;
				CURRENT_PROJECT_VERSION = 1;
				GENERATE_INFOPLIST_FILE = YES;
				IPHONEOS_DEPLOYMENT_TARGET = 15.5;
				MARKETING_VERSION = 1.0;
				PRODUCT_BUNDLE_IDENTIFIER = "test.Tests-iOS";
				PRODUCT_NAME = "$(TARGET_NAME)";
				SDKROOT = iphoneos;
				SWIFT_EMIT_LOC_STRINGS = NO;
				SWIFT_VERSION = 5.0;
				TARGETED_DEVICE_FAMILY = "1,2";
				TEST_TARGET_NAME = "test (iOS)";
				VALIDATE_PRODUCT = YES;
			};
			name = Release;
		};
		EB8DB97029E33BAC00FCD70E /* Debug */ = {
			isa = XCBuildConfiguration;
			buildSettings = {
				ALWAYS_EMBED_SWIFT_STANDARD_LIBRARIES = YES;
				CODE_SIGN_STYLE = Automatic;
				CURRENT_PROJECT_VERSION = 1;
				GENERATE_INFOPLIST_FILE = YES;
				MACOSX_DEPLOYMENT_TARGET = 12.3;
				MARKETING_VERSION = 1.0;
				PRODUCT_BUNDLE_IDENTIFIER = "test.Tests-macOS";
				PRODUCT_NAME = "$(TARGET_NAME)";
				SDKROOT = macosx;
				SWIFT_EMIT_LOC_STRINGS = NO;
				SWIFT_VERSION = 5.0;
				TEST_TARGET_NAME = "test (macOS)";
			};
			name = Debug;
		};
		EB8DB97129E33BAC00FCD70E /* Release */ = {
			isa = XCBuildConfiguration;
			buildSettings = {
				ALWAYS_EMBED_SWIFT_STANDARD_LIBRARIES = YES;
				CODE_SIGN_STYLE = Automatic;
				CURRENT_PROJECT_VERSION = 1;
				GENERATE_INFOPLIST_FILE = YES;
				MACOSX_DEPLOYMENT_TARGET = 12.3;
				MARKETING_VERSION = 1.0;
				PRODUCT_BUNDLE_IDENTIFIER = "test.Tests-macOS";
				PRODUCT_NAME = "$(TARGET_NAME)";
				SDKROOT = macosx;
				SWIFT_EMIT_LOC_STRINGS = NO;
				SWIFT_VERSION = 5.0;
				TEST_TARGET_NAME = "test (macOS)";
			};
			name = Release;
		};
/* End XCBuildConfiguration section */

/* Begin XCConfigurationList section */
		EB8DB93429E33BAA00FCD70E /* Build configuration list for PBXProject "test" */ = {
			isa = XCConfigurationList;
			buildConfigurations = (
				EB8DB96429E33BAC00FCD70E /* Debug */,
				EB8DB96529E33BAC00FCD70E /* Release */,
			);
			defaultConfigurationIsVisible = 0;
			defaultConfigurationName = Release;
		};
		EB8DB96629E33BAC00FCD70E /* Build configuration list for PBXNativeTarget "test (iOS)" */ = {
			isa = XCConfigurationList;
			buildConfigurations = (
				EB8DB96729E33BAC00FCD70E /* Debug */,
				EB8DB96829E33BAC00FCD70E /* Release */,
			);
			defaultConfigurationIsVisible = 0;
			defaultConfigurationName = Release;
		};
		EB8DB96929E33BAC00FCD70E /* Build configuration list for PBXNativeTarget "test (macOS)" */ = {
			isa = XCConfigurationList;
			buildConfigurations = (
				EB8DB96A29E33BAC00FCD70E /* Debug */,
				EB8DB96B29E33BAC00FCD70E /* Release */,
			);
			defaultConfigurationIsVisible = 0;
			defaultConfigurationName = Release;
		};
		EB8DB96C29E33BAC00FCD70E /* Build configuration list for PBXNativeTarget "Tests iOS" */ = {
			isa = XCConfigurationList;
			buildConfigurations = (
				EB8DB96D29E33BAC00FCD70E /* Debug */,
				EB8DB96E29E33BAC00FCD70E /* Release */,
			);
			defaultConfigurationIsVisible = 0;
			defaultConfigurationName = Release;
		};
		EB8DB96F29E33BAC00FCD70E /* Build configuration list for PBXNativeTarget "Tests macOS" */ = {
			isa = XCConfigurationList;
			buildConfigurations = (
				EB8DB97029E33BAC00FCD70E /* Debug */,
				EB8DB97129E33BAC00FCD70E /* Release */,
			);
			defaultConfigurationIsVisible = 0;
			defaultConfigurationName = Release;
		};
/* End XCConfigurationList section */
	};
	rootObject = EB8DB93129E33BAA00FCD70E /* Project object */;
}
